
Microsoft Visual Studio Solution File, Format Version 12.00
# Visual Studio 15
VisualStudioVersion = 15.0.27703.2042
MinimumVisualStudioVersion = 10.0.40219.1
Project("{FAE04EC0-301F-11D3-BF4B-00C04F79EFBC}") = "Nfield.Stats.Android", "Nfield.Stats\Nfield.Stats\Nfield.Stats.Android\Nfield.Stats.Android.csproj", "{30DCDEF7-CC7B-4A66-A3C6-62EDE5AE85D0}"
EndProject
Project("{FAE04EC0-301F-11D3-BF4B-00C04F79EFBC}") = "Nfield.Stats.iOS", "Nfield.Stats\Nfield.Stats\Nfield.Stats.iOS\Nfield.Stats.iOS.csproj", "{CB6ACA87-D73D-4884-AADD-7A26D7D75331}"
EndProject
Project("{FAE04EC0-301F-11D3-BF4B-00C04F79EFBC}") = "Nfield.Stats.UWP", "Nfield.Stats\Nfield.Stats\Nfield.Stats.UWP\Nfield.Stats.UWP.csproj", "{4EBDCDE4-ED9C-4033-A345-324B154A8620}"
EndProject
Project("{D954291E-2A0B-460D-934E-DC6B0785DB48}") = "Nfield.Stats", "Nfield.Stats\Nfield.Stats\Nfield.Stats\Nfield.Stats.shproj", "{A74E56C1-4B9C-45A3-8F70-978F9F86BDAE}"
EndProject
Global
	GlobalSection(SharedMSBuildProjectFiles) = preSolution
		Nfield.Stats\Nfield.Stats\Nfield.Stats\Nfield.Stats.projitems*{30dcdef7-cc7b-4a66-a3c6-62ede5ae85d0}*SharedItemsImports = 4
		Nfield.Stats\Nfield.Stats\Nfield.Stats\Nfield.Stats.projitems*{4ebdcde4-ed9c-4033-a345-324b154a8620}*SharedItemsImports = 4
		Nfield.Stats\Nfield.Stats\Nfield.Stats\Nfield.Stats.projitems*{a74e56c1-4b9c-45a3-8f70-978f9f86bdae}*SharedItemsImports = 13
		Nfield.Stats\Nfield.Stats\Nfield.Stats\Nfield.Stats.projitems*{cb6aca87-d73d-4884-aadd-7a26d7d75331}*SharedItemsImports = 4
	EndGlobalSection
	GlobalSection(SolutionConfigurationPlatforms) = preSolution
		Ad-Hoc|Any CPU = Ad-Hoc|Any CPU
		Ad-Hoc|ARM = Ad-Hoc|ARM
		Ad-Hoc|iPhone = Ad-Hoc|iPhone
		Ad-Hoc|iPhoneSimulator = Ad-Hoc|iPhoneSimulator
		Ad-Hoc|x64 = Ad-Hoc|x64
		Ad-Hoc|x86 = Ad-Hoc|x86
		AppStore|Any CPU = AppStore|Any CPU
		AppStore|ARM = AppStore|ARM
		AppStore|iPhone = AppStore|iPhone
		AppStore|iPhoneSimulator = AppStore|iPhoneSimulator
		AppStore|x64 = AppStore|x64
		AppStore|x86 = AppStore|x86
		Debug|Any CPU = Debug|Any CPU
		Debug|ARM = Debug|ARM
		Debug|iPhone = Debug|iPhone
		Debug|iPhoneSimulator = Debug|iPhoneSimulator
		Debug|x64 = Debug|x64
		Debug|x86 = Debug|x86
		Release|Any CPU = Release|Any CPU
		Release|ARM = Release|ARM
		Release|iPhone = Release|iPhone
		Release|iPhoneSimulator = Release|iPhoneSimulator
		Release|x64 = Release|x64
		Release|x86 = Release|x86
	EndGlobalSection
	GlobalSection(ProjectConfigurationPlatforms) = postSolution
		{30DCDEF7-CC7B-4A66-A3C6-62EDE5AE85D0}.Ad-Hoc|Any CPU.ActiveCfg = Release|Any CPU
		{30DCDEF7-CC7B-4A66-A3C6-62EDE5AE85D0}.Ad-Hoc|Any CPU.Build.0 = Release|Any CPU
		{30DCDEF7-CC7B-4A66-A3C6-62EDE5AE85D0}.Ad-Hoc|Any CPU.Deploy.0 = Release|Any CPU
		{30DCDEF7-CC7B-4A66-A3C6-62EDE5AE85D0}.Ad-Hoc|ARM.ActiveCfg = Release|Any CPU
		{30DCDEF7-CC7B-4A66-A3C6-62EDE5AE85D0}.Ad-Hoc|ARM.Build.0 = Release|Any CPU
		{30DCDEF7-CC7B-4A66-A3C6-62EDE5AE85D0}.Ad-Hoc|ARM.Deploy.0 = Release|Any CPU
		{30DCDEF7-CC7B-4A66-A3C6-62EDE5AE85D0}.Ad-Hoc|iPhone.ActiveCfg = Release|Any CPU
		{30DCDEF7-CC7B-4A66-A3C6-62EDE5AE85D0}.Ad-Hoc|iPhone.Build.0 = Release|Any CPU
		{30DCDEF7-CC7B-4A66-A3C6-62EDE5AE85D0}.Ad-Hoc|iPhone.Deploy.0 = Release|Any CPU
		{30DCDEF7-CC7B-4A66-A3C6-62EDE5AE85D0}.Ad-Hoc|iPhoneSimulator.ActiveCfg = Release|Any CPU
		{30DCDEF7-CC7B-4A66-A3C6-62EDE5AE85D0}.Ad-Hoc|iPhoneSimulator.Build.0 = Release|Any CPU
		{30DCDEF7-CC7B-4A66-A3C6-62EDE5AE85D0}.Ad-Hoc|iPhoneSimulator.Deploy.0 = Release|Any CPU
		{30DCDEF7-CC7B-4A66-A3C6-62EDE5AE85D0}.Ad-Hoc|x64.ActiveCfg = Release|Any CPU
		{30DCDEF7-CC7B-4A66-A3C6-62EDE5AE85D0}.Ad-Hoc|x64.Build.0 = Release|Any CPU
		{30DCDEF7-CC7B-4A66-A3C6-62EDE5AE85D0}.Ad-Hoc|x64.Deploy.0 = Release|Any CPU
		{30DCDEF7-CC7B-4A66-A3C6-62EDE5AE85D0}.Ad-Hoc|x86.ActiveCfg = Release|Any CPU
		{30DCDEF7-CC7B-4A66-A3C6-62EDE5AE85D0}.Ad-Hoc|x86.Build.0 = Release|Any CPU
		{30DCDEF7-CC7B-4A66-A3C6-62EDE5AE85D0}.Ad-Hoc|x86.Deploy.0 = Release|Any CPU
		{30DCDEF7-CC7B-4A66-A3C6-62EDE5AE85D0}.AppStore|Any CPU.ActiveCfg = Release|Any CPU
		{30DCDEF7-CC7B-4A66-A3C6-62EDE5AE85D0}.AppStore|Any CPU.Build.0 = Release|Any CPU
		{30DCDEF7-CC7B-4A66-A3C6-62EDE5AE85D0}.AppStore|Any CPU.Deploy.0 = Release|Any CPU
		{30DCDEF7-CC7B-4A66-A3C6-62EDE5AE85D0}.AppStore|ARM.ActiveCfg = Release|Any CPU
		{30DCDEF7-CC7B-4A66-A3C6-62EDE5AE85D0}.AppStore|ARM.Build.0 = Release|Any CPU
		{30DCDEF7-CC7B-4A66-A3C6-62EDE5AE85D0}.AppStore|ARM.Deploy.0 = Release|Any CPU
		{30DCDEF7-CC7B-4A66-A3C6-62EDE5AE85D0}.AppStore|iPhone.ActiveCfg = Release|Any CPU
		{30DCDEF7-CC7B-4A66-A3C6-62EDE5AE85D0}.AppStore|iPhone.Build.0 = Release|Any CPU
		{30DCDEF7-CC7B-4A66-A3C6-62EDE5AE85D0}.AppStore|iPhone.Deploy.0 = Release|Any CPU
		{30DCDEF7-CC7B-4A66-A3C6-62EDE5AE85D0}.AppStore|iPhoneSimulator.ActiveCfg = Release|Any CPU
		{30DCDEF7-CC7B-4A66-A3C6-62EDE5AE85D0}.AppStore|iPhoneSimulator.Build.0 = Release|Any CPU
		{30DCDEF7-CC7B-4A66-A3C6-62EDE5AE85D0}.AppStore|iPhoneSimulator.Deploy.0 = Release|Any CPU
		{30DCDEF7-CC7B-4A66-A3C6-62EDE5AE85D0}.AppStore|x64.ActiveCfg = Release|Any CPU
		{30DCDEF7-CC7B-4A66-A3C6-62EDE5AE85D0}.AppStore|x64.Build.0 = Release|Any CPU
		{30DCDEF7-CC7B-4A66-A3C6-62EDE5AE85D0}.AppStore|x64.Deploy.0 = Release|Any CPU
		{30DCDEF7-CC7B-4A66-A3C6-62EDE5AE85D0}.AppStore|x86.ActiveCfg = Release|Any CPU
		{30DCDEF7-CC7B-4A66-A3C6-62EDE5AE85D0}.AppStore|x86.Build.0 = Release|Any CPU
		{30DCDEF7-CC7B-4A66-A3C6-62EDE5AE85D0}.AppStore|x86.Deploy.0 = Release|Any CPU
		{30DCDEF7-CC7B-4A66-A3C6-62EDE5AE85D0}.Debug|Any CPU.ActiveCfg = Debug|Any CPU
		{30DCDEF7-CC7B-4A66-A3C6-62EDE5AE85D0}.Debug|Any CPU.Build.0 = Debug|Any CPU
		{30DCDEF7-CC7B-4A66-A3C6-62EDE5AE85D0}.Debug|Any CPU.Deploy.0 = Debug|Any CPU
		{30DCDEF7-CC7B-4A66-A3C6-62EDE5AE85D0}.Debug|ARM.ActiveCfg = Debug|Any CPU
		{30DCDEF7-CC7B-4A66-A3C6-62EDE5AE85D0}.Debug|ARM.Build.0 = Debug|Any CPU
		{30DCDEF7-CC7B-4A66-A3C6-62EDE5AE85D0}.Debug|ARM.Deploy.0 = Debug|Any CPU
		{30DCDEF7-CC7B-4A66-A3C6-62EDE5AE85D0}.Debug|iPhone.ActiveCfg = Debug|Any CPU
		{30DCDEF7-CC7B-4A66-A3C6-62EDE5AE85D0}.Debug|iPhone.Build.0 = Debug|Any CPU
		{30DCDEF7-CC7B-4A66-A3C6-62EDE5AE85D0}.Debug|iPhone.Deploy.0 = Debug|Any CPU
		{30DCDEF7-CC7B-4A66-A3C6-62EDE5AE85D0}.Debug|iPhoneSimulator.ActiveCfg = Debug|Any CPU
		{30DCDEF7-CC7B-4A66-A3C6-62EDE5AE85D0}.Debug|iPhoneSimulator.Build.0 = Debug|Any CPU
		{30DCDEF7-CC7B-4A66-A3C6-62EDE5AE85D0}.Debug|iPhoneSimulator.Deploy.0 = Debug|Any CPU
		{30DCDEF7-CC7B-4A66-A3C6-62EDE5AE85D0}.Debug|x64.ActiveCfg = Debug|Any CPU
		{30DCDEF7-CC7B-4A66-A3C6-62EDE5AE85D0}.Debug|x64.Build.0 = Debug|Any CPU
		{30DCDEF7-CC7B-4A66-A3C6-62EDE5AE85D0}.Debug|x64.Deploy.0 = Debug|Any CPU
		{30DCDEF7-CC7B-4A66-A3C6-62EDE5AE85D0}.Debug|x86.ActiveCfg = Debug|Any CPU
		{30DCDEF7-CC7B-4A66-A3C6-62EDE5AE85D0}.Debug|x86.Build.0 = Debug|Any CPU
		{30DCDEF7-CC7B-4A66-A3C6-62EDE5AE85D0}.Debug|x86.Deploy.0 = Debug|Any CPU
		{30DCDEF7-CC7B-4A66-A3C6-62EDE5AE85D0}.Release|Any CPU.ActiveCfg = Release|Any CPU
		{30DCDEF7-CC7B-4A66-A3C6-62EDE5AE85D0}.Release|Any CPU.Build.0 = Release|Any CPU
		{30DCDEF7-CC7B-4A66-A3C6-62EDE5AE85D0}.Release|Any CPU.Deploy.0 = Release|Any CPU
		{30DCDEF7-CC7B-4A66-A3C6-62EDE5AE85D0}.Release|ARM.ActiveCfg = Release|Any CPU
		{30DCDEF7-CC7B-4A66-A3C6-62EDE5AE85D0}.Release|ARM.Build.0 = Release|Any CPU
		{30DCDEF7-CC7B-4A66-A3C6-62EDE5AE85D0}.Release|ARM.Deploy.0 = Release|Any CPU
		{30DCDEF7-CC7B-4A66-A3C6-62EDE5AE85D0}.Release|iPhone.ActiveCfg = Release|Any CPU
		{30DCDEF7-CC7B-4A66-A3C6-62EDE5AE85D0}.Release|iPhone.Build.0 = Release|Any CPU
		{30DCDEF7-CC7B-4A66-A3C6-62EDE5AE85D0}.Release|iPhone.Deploy.0 = Release|Any CPU
		{30DCDEF7-CC7B-4A66-A3C6-62EDE5AE85D0}.Release|iPhoneSimulator.ActiveCfg = Release|Any CPU
		{30DCDEF7-CC7B-4A66-A3C6-62EDE5AE85D0}.Release|iPhoneSimulator.Build.0 = Release|Any CPU
		{30DCDEF7-CC7B-4A66-A3C6-62EDE5AE85D0}.Release|iPhoneSimulator.Deploy.0 = Release|Any CPU
		{30DCDEF7-CC7B-4A66-A3C6-62EDE5AE85D0}.Release|x64.ActiveCfg = Release|Any CPU
		{30DCDEF7-CC7B-4A66-A3C6-62EDE5AE85D0}.Release|x64.Build.0 = Release|Any CPU
		{30DCDEF7-CC7B-4A66-A3C6-62EDE5AE85D0}.Release|x64.Deploy.0 = Release|Any CPU
		{30DCDEF7-CC7B-4A66-A3C6-62EDE5AE85D0}.Release|x86.ActiveCfg = Release|Any CPU
		{30DCDEF7-CC7B-4A66-A3C6-62EDE5AE85D0}.Release|x86.Build.0 = Release|Any CPU
		{30DCDEF7-CC7B-4A66-A3C6-62EDE5AE85D0}.Release|x86.Deploy.0 = Release|Any CPU
		{CB6ACA87-D73D-4884-AADD-7A26D7D75331}.Ad-Hoc|Any CPU.ActiveCfg = Ad-Hoc|iPhone
		{CB6ACA87-D73D-4884-AADD-7A26D7D75331}.Ad-Hoc|Any CPU.Build.0 = Ad-Hoc|iPhone
		{CB6ACA87-D73D-4884-AADD-7A26D7D75331}.Ad-Hoc|Any CPU.Deploy.0 = Ad-Hoc|iPhone
		{CB6ACA87-D73D-4884-AADD-7A26D7D75331}.Ad-Hoc|ARM.ActiveCfg = Ad-Hoc|iPhone
		{CB6ACA87-D73D-4884-AADD-7A26D7D75331}.Ad-Hoc|ARM.Build.0 = Ad-Hoc|iPhone
		{CB6ACA87-D73D-4884-AADD-7A26D7D75331}.Ad-Hoc|ARM.Deploy.0 = Ad-Hoc|iPhone
		{CB6ACA87-D73D-4884-AADD-7A26D7D75331}.Ad-Hoc|iPhone.ActiveCfg = Ad-Hoc|iPhone
		{CB6ACA87-D73D-4884-AADD-7A26D7D75331}.Ad-Hoc|iPhone.Build.0 = Ad-Hoc|iPhone
		{CB6ACA87-D73D-4884-AADD-7A26D7D75331}.Ad-Hoc|iPhone.Deploy.0 = Ad-Hoc|iPhone
		{CB6ACA87-D73D-4884-AADD-7A26D7D75331}.Ad-Hoc|iPhoneSimulator.ActiveCfg = Ad-Hoc|iPhoneSimulator
		{CB6ACA87-D73D-4884-AADD-7A26D7D75331}.Ad-Hoc|iPhoneSimulator.Build.0 = Ad-Hoc|iPhoneSimulator
		{CB6ACA87-D73D-4884-AADD-7A26D7D75331}.Ad-Hoc|iPhoneSimulator.Deploy.0 = Ad-Hoc|iPhoneSimulator
		{CB6ACA87-D73D-4884-AADD-7A26D7D75331}.Ad-Hoc|x64.ActiveCfg = Ad-Hoc|iPhone
		{CB6ACA87-D73D-4884-AADD-7A26D7D75331}.Ad-Hoc|x64.Build.0 = Ad-Hoc|iPhone
		{CB6ACA87-D73D-4884-AADD-7A26D7D75331}.Ad-Hoc|x64.Deploy.0 = Ad-Hoc|iPhone
		{CB6ACA87-D73D-4884-AADD-7A26D7D75331}.Ad-Hoc|x86.ActiveCfg = Ad-Hoc|iPhone
		{CB6ACA87-D73D-4884-AADD-7A26D7D75331}.Ad-Hoc|x86.Build.0 = Ad-Hoc|iPhone
		{CB6ACA87-D73D-4884-AADD-7A26D7D75331}.Ad-Hoc|x86.Deploy.0 = Ad-Hoc|iPhone
		{CB6ACA87-D73D-4884-AADD-7A26D7D75331}.AppStore|Any CPU.ActiveCfg = AppStore|iPhone
		{CB6ACA87-D73D-4884-AADD-7A26D7D75331}.AppStore|Any CPU.Build.0 = AppStore|iPhone
		{CB6ACA87-D73D-4884-AADD-7A26D7D75331}.AppStore|Any CPU.Deploy.0 = AppStore|iPhone
		{CB6ACA87-D73D-4884-AADD-7A26D7D75331}.AppStore|ARM.ActiveCfg = AppStore|iPhone
		{CB6ACA87-D73D-4884-AADD-7A26D7D75331}.AppStore|ARM.Build.0 = AppStore|iPhone
		{CB6ACA87-D73D-4884-AADD-7A26D7D75331}.AppStore|ARM.Deploy.0 = AppStore|iPhone
		{CB6ACA87-D73D-4884-AADD-7A26D7D75331}.AppStore|iPhone.ActiveCfg = AppStore|iPhone
		{CB6ACA87-D73D-4884-AADD-7A26D7D75331}.AppStore|iPhone.Build.0 = AppStore|iPhone
		{CB6ACA87-D73D-4884-AADD-7A26D7D75331}.AppStore|iPhone.Deploy.0 = AppStore|iPhone
		{CB6ACA87-D73D-4884-AADD-7A26D7D75331}.AppStore|iPhoneSimulator.ActiveCfg = AppStore|iPhoneSimulator
		{CB6ACA87-D73D-4884-AADD-7A26D7D75331}.AppStore|iPhoneSimulator.Build.0 = AppStore|iPhoneSimulator
		{CB6ACA87-D73D-4884-AADD-7A26D7D75331}.AppStore|iPhoneSimulator.Deploy.0 = AppStore|iPhoneSimulator
		{CB6ACA87-D73D-4884-AADD-7A26D7D75331}.AppStore|x64.ActiveCfg = AppStore|iPhone
		{CB6ACA87-D73D-4884-AADD-7A26D7D75331}.AppStore|x64.Build.0 = AppStore|iPhone
		{CB6ACA87-D73D-4884-AADD-7A26D7D75331}.AppStore|x64.Deploy.0 = AppStore|iPhone
		{CB6ACA87-D73D-4884-AADD-7A26D7D75331}.AppStore|x86.ActiveCfg = AppStore|iPhone
		{CB6ACA87-D73D-4884-AADD-7A26D7D75331}.AppStore|x86.Build.0 = AppStore|iPhone
		{CB6ACA87-D73D-4884-AADD-7A26D7D75331}.AppStore|x86.Deploy.0 = AppStore|iPhone
		{CB6ACA87-D73D-4884-AADD-7A26D7D75331}.Debug|Any CPU.ActiveCfg = Debug|iPhoneSimulator
		{CB6ACA87-D73D-4884-AADD-7A26D7D75331}.Debug|Any CPU.Build.0 = Debug|iPhoneSimulator
		{CB6ACA87-D73D-4884-AADD-7A26D7D75331}.Debug|Any CPU.Deploy.0 = Debug|iPhoneSimulator
		{CB6ACA87-D73D-4884-AADD-7A26D7D75331}.Debug|ARM.ActiveCfg = Debug|iPhone
		{CB6ACA87-D73D-4884-AADD-7A26D7D75331}.Debug|ARM.Build.0 = Debug|iPhone
		{CB6ACA87-D73D-4884-AADD-7A26D7D75331}.Debug|ARM.Deploy.0 = Debug|iPhone
		{CB6ACA87-D73D-4884-AADD-7A26D7D75331}.Debug|iPhone.ActiveCfg = Debug|iPhone
		{CB6ACA87-D73D-4884-AADD-7A26D7D75331}.Debug|iPhone.Build.0 = Debug|iPhone
		{CB6ACA87-D73D-4884-AADD-7A26D7D75331}.Debug|iPhone.Deploy.0 = Debug|iPhone
		{CB6ACA87-D73D-4884-AADD-7A26D7D75331}.Debug|iPhoneSimulator.ActiveCfg = Debug|iPhoneSimulator
		{CB6ACA87-D73D-4884-AADD-7A26D7D75331}.Debug|iPhoneSimulator.Build.0 = Debug|iPhoneSimulator
		{CB6ACA87-D73D-4884-AADD-7A26D7D75331}.Debug|iPhoneSimulator.Deploy.0 = Debug|iPhoneSimulator
		{CB6ACA87-D73D-4884-AADD-7A26D7D75331}.Debug|x64.ActiveCfg = Debug|iPhone
		{CB6ACA87-D73D-4884-AADD-7A26D7D75331}.Debug|x64.Build.0 = Debug|iPhone
		{CB6ACA87-D73D-4884-AADD-7A26D7D75331}.Debug|x64.Deploy.0 = Debug|iPhone
		{CB6ACA87-D73D-4884-AADD-7A26D7D75331}.Debug|x86.ActiveCfg = Debug|iPhone
		{CB6ACA87-D73D-4884-AADD-7A26D7D75331}.Debug|x86.Build.0 = Debug|iPhone
		{CB6ACA87-D73D-4884-AADD-7A26D7D75331}.Debug|x86.Deploy.0 = Debug|iPhone
		{CB6ACA87-D73D-4884-AADD-7A26D7D75331}.Release|Any CPU.ActiveCfg = Release|iPhone
		{CB6ACA87-D73D-4884-AADD-7A26D7D75331}.Release|Any CPU.Build.0 = Release|iPhone
		{CB6ACA87-D73D-4884-AADD-7A26D7D75331}.Release|Any CPU.Deploy.0 = Release|iPhone
		{CB6ACA87-D73D-4884-AADD-7A26D7D75331}.Release|ARM.ActiveCfg = Release|iPhone
		{CB6ACA87-D73D-4884-AADD-7A26D7D75331}.Release|ARM.Build.0 = Release|iPhone
		{CB6ACA87-D73D-4884-AADD-7A26D7D75331}.Release|ARM.Deploy.0 = Release|iPhone
		{CB6ACA87-D73D-4884-AADD-7A26D7D75331}.Release|iPhone.ActiveCfg = Release|iPhone
		{CB6ACA87-D73D-4884-AADD-7A26D7D75331}.Release|iPhone.Build.0 = Release|iPhone
		{CB6ACA87-D73D-4884-AADD-7A26D7D75331}.Release|iPhone.Deploy.0 = Release|iPhone
		{CB6ACA87-D73D-4884-AADD-7A26D7D75331}.Release|iPhoneSimulator.ActiveCfg = Release|iPhoneSimulator
		{CB6ACA87-D73D-4884-AADD-7A26D7D75331}.Release|iPhoneSimulator.Build.0 = Release|iPhoneSimulator
		{CB6ACA87-D73D-4884-AADD-7A26D7D75331}.Release|iPhoneSimulator.Deploy.0 = Release|iPhoneSimulator
		{CB6ACA87-D73D-4884-AADD-7A26D7D75331}.Release|x64.ActiveCfg = Release|iPhone
		{CB6ACA87-D73D-4884-AADD-7A26D7D75331}.Release|x64.Build.0 = Release|iPhone
		{CB6ACA87-D73D-4884-AADD-7A26D7D75331}.Release|x64.Deploy.0 = Release|iPhone
		{CB6ACA87-D73D-4884-AADD-7A26D7D75331}.Release|x86.ActiveCfg = Release|iPhone
		{CB6ACA87-D73D-4884-AADD-7A26D7D75331}.Release|x86.Build.0 = Release|iPhone
		{CB6ACA87-D73D-4884-AADD-7A26D7D75331}.Release|x86.Deploy.0 = Release|iPhone
		{4EBDCDE4-ED9C-4033-A345-324B154A8620}.Ad-Hoc|Any CPU.ActiveCfg = Release|x86
		{4EBDCDE4-ED9C-4033-A345-324B154A8620}.Ad-Hoc|Any CPU.Build.0 = Release|x86
		{4EBDCDE4-ED9C-4033-A345-324B154A8620}.Ad-Hoc|Any CPU.Deploy.0 = Release|x86
		{4EBDCDE4-ED9C-4033-A345-324B154A8620}.Ad-Hoc|ARM.ActiveCfg = Release|ARM
		{4EBDCDE4-ED9C-4033-A345-324B154A8620}.Ad-Hoc|ARM.Build.0 = Release|ARM
		{4EBDCDE4-ED9C-4033-A345-324B154A8620}.Ad-Hoc|ARM.Deploy.0 = Release|ARM
		{4EBDCDE4-ED9C-4033-A345-324B154A8620}.Ad-Hoc|iPhone.ActiveCfg = Release|x86
		{4EBDCDE4-ED9C-4033-A345-324B154A8620}.Ad-Hoc|iPhone.Build.0 = Release|x86
		{4EBDCDE4-ED9C-4033-A345-324B154A8620}.Ad-Hoc|iPhone.Deploy.0 = Release|x86
		{4EBDCDE4-ED9C-4033-A345-324B154A8620}.Ad-Hoc|iPhoneSimulator.ActiveCfg = Release|x86
		{4EBDCDE4-ED9C-4033-A345-324B154A8620}.Ad-Hoc|iPhoneSimulator.Build.0 = Release|x86
		{4EBDCDE4-ED9C-4033-A345-324B154A8620}.Ad-Hoc|iPhoneSimulator.Deploy.0 = Release|x86
		{4EBDCDE4-ED9C-4033-A345-324B154A8620}.Ad-Hoc|x64.ActiveCfg = Release|x64
		{4EBDCDE4-ED9C-4033-A345-324B154A8620}.Ad-Hoc|x64.Build.0 = Release|x64
		{4EBDCDE4-ED9C-4033-A345-324B154A8620}.Ad-Hoc|x64.Deploy.0 = Release|x64
		{4EBDCDE4-ED9C-4033-A345-324B154A8620}.Ad-Hoc|x86.ActiveCfg = Release|x86
		{4EBDCDE4-ED9C-4033-A345-324B154A8620}.Ad-Hoc|x86.Build.0 = Release|x86
		{4EBDCDE4-ED9C-4033-A345-324B154A8620}.Ad-Hoc|x86.Deploy.0 = Release|x86
		{4EBDCDE4-ED9C-4033-A345-324B154A8620}.AppStore|Any CPU.ActiveCfg = Release|x86
		{4EBDCDE4-ED9C-4033-A345-324B154A8620}.AppStore|Any CPU.Build.0 = Release|x86
		{4EBDCDE4-ED9C-4033-A345-324B154A8620}.AppStore|Any CPU.Deploy.0 = Release|x86
		{4EBDCDE4-ED9C-4033-A345-324B154A8620}.AppStore|ARM.ActiveCfg = Release|ARM
		{4EBDCDE4-ED9C-4033-A345-324B154A8620}.AppStore|ARM.Build.0 = Release|ARM
		{4EBDCDE4-ED9C-4033-A345-324B154A8620}.AppStore|ARM.Deploy.0 = Release|ARM
		{4EBDCDE4-ED9C-4033-A345-324B154A8620}.AppStore|iPhone.ActiveCfg = Release|x86
		{4EBDCDE4-ED9C-4033-A345-324B154A8620}.AppStore|iPhone.Build.0 = Release|x86
		{4EBDCDE4-ED9C-4033-A345-324B154A8620}.AppStore|iPhone.Deploy.0 = Release|x86
		{4EBDCDE4-ED9C-4033-A345-324B154A8620}.AppStore|iPhoneSimulator.ActiveCfg = Release|x86
		{4EBDCDE4-ED9C-4033-A345-324B154A8620}.AppStore|iPhoneSimulator.Build.0 = Release|x86
		{4EBDCDE4-ED9C-4033-A345-324B154A8620}.AppStore|iPhoneSimulator.Deploy.0 = Release|x86
		{4EBDCDE4-ED9C-4033-A345-324B154A8620}.AppStore|x64.ActiveCfg = Release|x64
		{4EBDCDE4-ED9C-4033-A345-324B154A8620}.AppStore|x64.Build.0 = Release|x64
		{4EBDCDE4-ED9C-4033-A345-324B154A8620}.AppStore|x64.Deploy.0 = Release|x64
		{4EBDCDE4-ED9C-4033-A345-324B154A8620}.AppStore|x86.ActiveCfg = Release|x86
		{4EBDCDE4-ED9C-4033-A345-324B154A8620}.AppStore|x86.Build.0 = Release|x86
		{4EBDCDE4-ED9C-4033-A345-324B154A8620}.AppStore|x86.Deploy.0 = Release|x86
		{4EBDCDE4-ED9C-4033-A345-324B154A8620}.Debug|Any CPU.ActiveCfg = Debug|x86
		{4EBDCDE4-ED9C-4033-A345-324B154A8620}.Debug|Any CPU.Build.0 = Debug|x86
		{4EBDCDE4-ED9C-4033-A345-324B154A8620}.Debug|Any CPU.Deploy.0 = Debug|x86
		{4EBDCDE4-ED9C-4033-A345-324B154A8620}.Debug|ARM.ActiveCfg = Debug|ARM
		{4EBDCDE4-ED9C-4033-A345-324B154A8620}.Debug|ARM.Build.0 = Debug|ARM
		{4EBDCDE4-ED9C-4033-A345-324B154A8620}.Debug|ARM.Deploy.0 = Debug|ARM
		{4EBDCDE4-ED9C-4033-A345-324B154A8620}.Debug|iPhone.ActiveCfg = Debug|x86
		{4EBDCDE4-ED9C-4033-A345-324B154A8620}.Debug|iPhone.Build.0 = Debug|x86
		{4EBDCDE4-ED9C-4033-A345-324B154A8620}.Debug|iPhone.Deploy.0 = Debug|x86
		{4EBDCDE4-ED9C-4033-A345-324B154A8620}.Debug|iPhoneSimulator.ActiveCfg = Debug|x86
		{4EBDCDE4-ED9C-4033-A345-324B154A8620}.Debug|iPhoneSimulator.Build.0 = Debug|x86
		{4EBDCDE4-ED9C-4033-A345-324B154A8620}.Debug|iPhoneSimulator.Deploy.0 = Debug|x86
		{4EBDCDE4-ED9C-4033-A345-324B154A8620}.Debug|x64.ActiveCfg = Debug|x64
		{4EBDCDE4-ED9C-4033-A345-324B154A8620}.Debug|x64.Build.0 = Debug|x64
		{4EBDCDE4-ED9C-4033-A345-324B154A8620}.Debug|x64.Deploy.0 = Debug|x64
		{4EBDCDE4-ED9C-4033-A345-324B154A8620}.Debug|x86.ActiveCfg = Debug|x86
		{4EBDCDE4-ED9C-4033-A345-324B154A8620}.Debug|x86.Build.0 = Debug|x86
		{4EBDCDE4-ED9C-4033-A345-324B154A8620}.Debug|x86.Deploy.0 = Debug|x86
		{4EBDCDE4-ED9C-4033-A345-324B154A8620}.Release|Any CPU.ActiveCfg = Release|x86
		{4EBDCDE4-ED9C-4033-A345-324B154A8620}.Release|Any CPU.Build.0 = Release|x86
		{4EBDCDE4-ED9C-4033-A345-324B154A8620}.Release|Any CPU.Deploy.0 = Release|x86
		{4EBDCDE4-ED9C-4033-A345-324B154A8620}.Release|ARM.ActiveCfg = Release|ARM
		{4EBDCDE4-ED9C-4033-A345-324B154A8620}.Release|ARM.Build.0 = Release|ARM
		{4EBDCDE4-ED9C-4033-A345-324B154A8620}.Release|ARM.Deploy.0 = Release|ARM
		{4EBDCDE4-ED9C-4033-A345-324B154A8620}.Release|iPhone.ActiveCfg = Release|x86
		{4EBDCDE4-ED9C-4033-A345-324B154A8620}.Release|iPhone.Build.0 = Release|x86
		{4EBDCDE4-ED9C-4033-A345-324B154A8620}.Release|iPhone.Deploy.0 = Release|x86
		{4EBDCDE4-ED9C-4033-A345-324B154A8620}.Release|iPhoneSimulator.ActiveCfg = Release|x86
		{4EBDCDE4-ED9C-4033-A345-324B154A8620}.Release|iPhoneSimulator.Build.0 = Release|x86
		{4EBDCDE4-ED9C-4033-A345-324B154A8620}.Release|iPhoneSimulator.Deploy.0 = Release|x86
		{4EBDCDE4-ED9C-4033-A345-324B154A8620}.Release|x64.ActiveCfg = Release|x64
		{4EBDCDE4-ED9C-4033-A345-324B154A8620}.Release|x64.Build.0 = Release|x64
		{4EBDCDE4-ED9C-4033-A345-324B154A8620}.Release|x64.Deploy.0 = Release|x64
		{4EBDCDE4-ED9C-4033-A345-324B154A8620}.Release|x86.ActiveCfg = Release|x86
		{4EBDCDE4-ED9C-4033-A345-324B154A8620}.Release|x86.Build.0 = Release|x86
		{4EBDCDE4-ED9C-4033-A345-324B154A8620}.Release|x86.Deploy.0 = Release|x86
	EndGlobalSection
	GlobalSection(SolutionProperties) = preSolution
		HideSolutionNode = FALSE
	EndGlobalSection
	GlobalSection(ExtensibilityGlobals) = postSolution
		SolutionGuid = {75B59FD6-7FCE-45E8-9D3E-92411FD7A936}
	EndGlobalSection
EndGlobal
